// !$*UTF8*$!
{
	archiveVersion = 1;
	classes = {
	};
	objectVersion = 46;
	objects = {

/* Begin PBXBuildFile section */
		9A44C17C1C370B0F0009B565 /* AppDelegate.swift in Sources */ = {isa = PBXBuildFile; fileRef = 9A44C17B1C370B0F0009B565 /* AppDelegate.swift */; };
		9A44C17E1C370B0F0009B565 /* Assets.xcassets in Resources */ = {isa = PBXBuildFile; fileRef = 9A44C17D1C370B0F0009B565 /* Assets.xcassets */; };
		9A44C1811C370B0F0009B565 /* MainMenu.xib in Resources */ = {isa = PBXBuildFile; fileRef = 9A44C17F1C370B0F0009B565 /* MainMenu.xib */; };
		9A44C1891C371DCF0009B565 /* WebKit.framework in Frameworks */ = {isa = PBXBuildFile; fileRef = 9A44C1881C371DCF0009B565 /* WebKit.framework */; };
		9A578E3D1C37204A00478339 /* Library.swift in Sources */ = {isa = PBXBuildFile; fileRef = 9A578E3C1C37204A00478339 /* Library.swift */; };
		9A578E3F1C3731D300478339 /* Apple.swift in Sources */ = {isa = PBXBuildFile; fileRef = 9A578E3E1C3731D300478339 /* Apple.swift */; };
/* End PBXBuildFile section */

/* Begin PBXFileReference section */
		9A44C1781C370B0F0009B565 /* ohv.app */ = {isa = PBXFileReference; explicitFileType = wrapper.application; includeInIndex = 0; path = ohv.app; sourceTree = BUILT_PRODUCTS_DIR; };
		9A44C17B1C370B0F0009B565 /* AppDelegate.swift */ = {isa = PBXFileReference; lastKnownFileType = sourcecode.swift; path = AppDelegate.swift; sourceTree = "<group>"; };
		9A44C17D1C370B0F0009B565 /* Assets.xcassets */ = {isa = PBXFileReference; lastKnownFileType = folder.assetcatalog; path = Assets.xcassets; sourceTree = "<group>"; };
		9A44C1801C370B0F0009B565 /* Base */ = {isa = PBXFileReference; lastKnownFileType = file.xib; name = Base; path = Base.lproj/MainMenu.xib; sourceTree = "<group>"; };
		9A44C1821C370B0F0009B565 /* Info.plist */ = {isa = PBXFileReference; lastKnownFileType = text.plist.xml; path = Info.plist; sourceTree = "<group>"; };
		9A44C1881C371DCF0009B565 /* WebKit.framework */ = {isa = PBXFileReference; lastKnownFileType = wrapper.framework; name = WebKit.framework; path = System/Library/Frameworks/WebKit.framework; sourceTree = SDKROOT; };
		9A578E3C1C37204A00478339 /* Library.swift */ = {isa = PBXFileReference; fileEncoding = 4; lastKnownFileType = sourcecode.swift; path = Library.swift; sourceTree = "<group>"; };
		9A578E3E1C3731D300478339 /* Apple.swift */ = {isa = PBXFileReference; fileEncoding = 4; lastKnownFileType = sourcecode.swift; path = Apple.swift; sourceTree = "<group>"; };
/* End PBXFileReference section */

/* Begin PBXFrameworksBuildPhase section */
		9A44C1751C370B0F0009B565 /* Frameworks */ = {
			isa = PBXFrameworksBuildPhase;
			buildActionMask = 2147483647;
			files = (
				9A44C1891C371DCF0009B565 /* WebKit.framework in Frameworks */,
			);
			runOnlyForDeploymentPostprocessing = 0;
		};
/* End PBXFrameworksBuildPhase section */

/* Begin PBXGroup section */
		9A44C16F1C370B0F0009B565 = {
			isa = PBXGroup;
			children = (
				9A44C1881C371DCF0009B565 /* WebKit.framework */,
				9A44C17A1C370B0F0009B565 /* ohv */,
				9A44C1791C370B0F0009B565 /* Products */,
			);
			sourceTree = "<group>";
		};
		9A44C1791C370B0F0009B565 /* Products */ = {
			isa = PBXGroup;
			children = (
				9A44C1781C370B0F0009B565 /* ohv.app */,
			);
			name = Products;
			sourceTree = "<group>";
		};
		9A44C17A1C370B0F0009B565 /* ohv */ = {
			isa = PBXGroup;
			children = (
				9A44C17B1C370B0F0009B565 /* AppDelegate.swift */,
				9A578E3E1C3731D300478339 /* Apple.swift */,
				9A578E3C1C37204A00478339 /* Library.swift */,
				9A44C17D1C370B0F0009B565 /* Assets.xcassets */,
				9A44C17F1C370B0F0009B565 /* MainMenu.xib */,
				9A44C1821C370B0F0009B565 /* Info.plist */,
			);
			path = ohv;
			sourceTree = "<group>";
		};
/* End PBXGroup section */

/* Begin PBXNativeTarget section */
		9A44C1771C370B0F0009B565 /* ohv */ = {
			isa = PBXNativeTarget;
			buildConfigurationList = 9A44C1851C370B0F0009B565 /* Build configuration list for PBXNativeTarget "ohv" */;
			buildPhases = (
				9A44C1741C370B0F0009B565 /* Sources */,
				9A44C1751C370B0F0009B565 /* Frameworks */,
				9A44C1761C370B0F0009B565 /* Resources */,
			);
			buildRules = (
			);
			dependencies = (
			);
			name = ohv;
			productName = ohv;
			productReference = 9A44C1781C370B0F0009B565 /* ohv.app */;
			productType = "com.apple.product-type.application";
		};
/* End PBXNativeTarget section */

/* Begin PBXProject section */
		9A44C1701C370B0F0009B565 /* Project object */ = {
			isa = PBXProject;
			attributes = {
				LastSwiftUpdateCheck = 0720;
				LastUpgradeCheck = 0720;
				ORGANIZATIONNAME = "Pietro Gagliardi";
				TargetAttributes = {
					9A44C1771C370B0F0009B565 = {
						CreatedOnToolsVersion = 7.2;
					};
				};
			};
			buildConfigurationList = 9A44C1731C370B0F0009B565 /* Build configuration list for PBXProject "ohv" */;
			compatibilityVersion = "Xcode 3.2";
			developmentRegion = English;
			hasScannedForEncodings = 0;
			knownRegions = (
				en,
				Base,
			);
			mainGroup = 9A44C16F1C370B0F0009B565;
			productRefGroup = 9A44C1791C370B0F0009B565 /* Products */;
			projectDirPath = "";
			projectRoot = "";
			targets = (
				9A44C1771C370B0F0009B565 /* ohv */,
			);
		};
/* End PBXProject section */

/* Begin PBXResourcesBuildPhase section */
		9A44C1761C370B0F0009B565 /* Resources */ = {
			isa = PBXResourcesBuildPhase;
			buildActionMask = 2147483647;
			files = (
				9A44C17E1C370B0F0009B565 /* Assets.xcassets in Resources */,
				9A44C1811C370B0F0009B565 /* MainMenu.xib in Resources */,
			);
			runOnlyForDeploymentPostprocessing = 0;
		};
/* End PBXResourcesBuildPhase section */

/* Begin PBXSourcesBuildPhase section */
		9A44C1741C370B0F0009B565 /* Sources */ = {
			isa = PBXSourcesBuildPhase;
			buildActionMask = 2147483647;
			files = (
				9A578E3F1C3731D300478339 /* Apple.swift in Sources */,
				9A44C17C1C370B0F0009B565 /* AppDelegate.swift in Sources */,
				9A578E3D1C37204A00478339 /* Library.swift in Sources */,
			);
			runOnlyForDeploymentPostprocessing = 0;
		};
/* End PBXSourcesBuildPhase section */

/* Begin PBXVariantGroup section */
		9A44C17F1C370B0F0009B565 /* MainMenu.xib */ = {
			isa = PBXVariantGroup;
			children = (
				9A44C1801C370B0F0009B565 /* Base */,
			);
			name = MainMenu.xib;
			sourceTree = "<group>";
		};
/* End PBXVariantGroup section */

/* Begin XCBuildConfiguration section */
		9A44C1831C370B0F0009B565 /* Debug */ = {
			isa = XCBuildConfiguration;
			buildSettings = {
				ALWAYS_SEARCH_USER_PATHS = NO;
				CLANG_CXX_LANGUAGE_STANDARD = "gnu++0x";
				CLANG_CXX_LIBRARY = "libc++";
				CLANG_ENABLE_MODULES = YES;
				CLANG_ENABLE_OBJC_ARC = YES;
				CLANG_WARN_BOOL_CONVERSION = YES;
				CLANG_WARN_CONSTANT_CONVERSION = YES;
				CLANG_WARN_DIRECT_OBJC_ISA_USAGE = YES_ERROR;
				CLANG_WARN_EMPTY_BODY = YES;
				CLANG_WARN_ENUM_CONVERSION = YES;
				CLANG_WARN_INT_CONVERSION = YES;
				CLANG_WARN_OBJC_ROOT_CLASS = YES_ERROR;
				CLANG_WARN_UNREACHABLE_CODE = YES;
				CLANG_WARN__DUPLICATE_METHOD_MATCH = YES;
				CODE_SIGN_IDENTITY = "-";
				COPY_PHASE_STRIP = NO;
				DEBUG_INFORMATION_FORMAT = dwarf;
				ENABLE_STRICT_OBJC_MSGSEND = YES;
				ENABLE_TESTABILITY = YES;
				GCC_C_LANGUAGE_STANDARD = gnu99;
				GCC_DYNAMIC_NO_PIC = NO;
				GCC_NO_COMMON_BLOCKS = YES;
				GCC_OPTIMIZATION_LEVEL = 0;
				GCC_PREPROCESSOR_DEFINITIONS = (
					"DEBUG=1",
					"$(inherited)",
				);
				GCC_WARN_64_TO_32_BIT_CONVERSION = YES;
				GCC_WARN_ABOUT_RETURN_TYPE = YES_ERROR;
				GCC_WARN_UNDECLARED_SELECTOR = YES;
				GCC_WARN_UNINITIALIZED_AUTOS = YES_AGGRESSIVE;
				GCC_WARN_UNUSED_FUNCTION = YES;
				GCC_WARN_UNUSED_VARIABLE = YES;
				MACOSX_DEPLOYMENT_TARGET = 10.11;
				MTL_ENABLE_DEBUG_INFO = YES;
				ONLY_ACTIVE_ARCH = YES;
				SDKROOT = macosx;
				SWIFT_OPTIMIZATION_LEVEL = "-Onone";
			};
			name = Debug;
		};
		9A44C1841C370B0F0009B565 /* Release */ = {
			isa = XCBuildConfiguration;
			buildSettings = {
				ALWAYS_SEARCH_USER_PATHS = NO;
				CLANG_CXX_LANGUAGE_STANDARD = "gnu++0x";
				CLANG_CXX_LIBRARY = "libc++";
				CLANG_ENABLE_MODULES = YES;
				CLANG_ENABLE_OBJC_ARC = YES;
				CLANG_WARN_BOOL_CONVERSION = YES;
				CLANG_WARN_CONSTANT_CONVERSION = YES;
				CLANG_WARN_DIRECT_OBJC_ISA_USAGE = YES_ERROR;
				CLANG_WARN_EMPTY_BODY = YES;
				CLANG_WARN_ENUM_CONVERSION = YES;
				CLANG_WARN_INT_CONVERSION = YES;
				CLANG_WARN_OBJC_ROOT_CLASS = YES_ERROR;
				CLANG_WARN_UNREACHABLE_CODE = YES;
				CLANG_WARN__DUPLICATE_METHOD_MATCH = YES;
				CODE_SIGN_IDENTITY = "-";
				COPY_PHASE_STRIP = NO;
				DEBUG_INFORMATION_FORMAT = "dwarf-with-dsym";
				ENABLE_NS_ASSERTIONS = NO;
				ENABLE_STRICT_OBJC_MSGSEND = YES;
				GCC_C_LANGUAGE_STANDARD = gnu99;
				GCC_NO_COMMON_BLOCKS = YES;
				GCC_WARN_64_TO_32_BIT_CONVERSION = YES;
				GCC_WARN_ABOUT_RETURN_TYPE = YES_ERROR;
				GCC_WARN_UNDECLARED_SELECTOR = YES;
				GCC_WARN_UNINITIALIZED_AUTOS = YES_AGGRESSIVE;
				GCC_WARN_UNUSED_FUNCTION = YES;
				GCC_WARN_UNUSED_VARIABLE = YES;
				MACOSX_DEPLOYMENT_TARGET = 10.11;
				MTL_ENABLE_DEBUG_INFO = NO;
				SDKROOT = macosx;
			};
			name = Release;
		};
		9A44C1861C370B0F0009B565 /* Debug */ = {
			isa = XCBuildConfiguration;
			buildSettings = {
				ASSETCATALOG_COMPILER_APPICON_NAME = AppIcon;
				COMBINE_HIDPI_IMAGES = YES;
				INFOPLIST_FILE = ohv/Info.plist;
				LD_RUNPATH_SEARCH_PATHS = "$(inherited) @executable_path/../Frameworks";
				PRODUCT_BUNDLE_IDENTIFIER = com.andlabs.ohv;
				PRODUCT_NAME = "$(TARGET_NAME)";
			};
			name = Debug;
		};
		9A44C1871C370B0F0009B565 /* Release */ = {
			isa = XCBuildConfiguration;
			buildSettings = {
				ASSETCATALOG_COMPILER_APPICON_NAME = AppIcon;
				COMBINE_HIDPI_IMAGES = YES;
				INFOPLIST_FILE = ohv/Info.plist;
				LD_RUNPATH_SEARCH_PATHS = "$(inherited) @executable_path/../Frameworks";
				PRODUCT_BUNDLE_IDENTIFIER = com.andlabs.ohv;
				PRODUCT_NAME = "$(TARGET_NAME)";
			};
			name = Release;
		};
/* End XCBuildConfiguration section */

/* Begin XCConfigurationList section */
		9A44C1731C370B0F0009B565 /* Build configuration list for PBXProject "ohv" */ = {
			isa = XCConfigurationList;
			buildConfigurations = (
				9A44C1831C370B0F0009B565 /* Debug */,
				9A44C1841C370B0F0009B565 /* Release */,
			);
			defaultConfigurationIsVisible = 0;
			defaultConfigurationName = Release;
		};
		9A44C1851C370B0F0009B565 /* Build configuration list for PBXNativeTarget "ohv" */ = {
			isa = XCConfigurationList;
			buildConfigurations = (
				9A44C1861C370B0F0009B565 /* Debug */,
				9A44C1871C370B0F0009B565 /* Release */,
			);
			defaultConfigurationIsVisible = 0;
			defaultConfigurationName = Release;
		};
/* End XCConfigurationList section */
	};
	rootObject = 9A44C1701C370B0F0009B565 /* Project object */;
}
